// !$*UTF8*$!
{
	archiveVersion = 1;
	classes = {
	};
	objectVersion = 77;
	objects = {

/* Begin PBXBuildFile section */
		BD419A0D2DF2020900B268A4 /* libsqlite3.tbd in Frameworks */ = {isa = PBXBuildFile; fileRef = BD419A0C2DF2020900B268A4 /* libsqlite3.tbd */; };
		BD419A8B2DF6D1C800B268A4 /* FirebaseAI in Frameworks */ = {isa = PBXBuildFile; productRef = BD419A8A2DF6D1C800B268A4 /* FirebaseAI */; };
		BD419A8D2DF6D1C800B268A4 /* FirebaseAnalytics in Frameworks */ = {isa = PBXBuildFile; productRef = BD419A8C2DF6D1C800B268A4 /* FirebaseAnalytics */; };
		BD419A8F2DF6D1C800B268A4 /* FirebaseAnalyticsCore in Frameworks */ = {isa = PBXBuildFile; productRef = BD419A8E2DF6D1C800B268A4 /* FirebaseAnalyticsCore */; };
		BD419A912DF6D1C800B268A4 /* FirebaseAnalyticsIdentitySupport in Frameworks */ = {isa = PBXBuildFile; productRef = BD419A902DF6D1C800B268A4 /* FirebaseAnalyticsIdentitySupport */; };
		BD419A932DF6D1C800B268A4 /* FirebaseAnalyticsOnDeviceConversion in Frameworks */ = {isa = PBXBuildFile; productRef = BD419A922DF6D1C800B268A4 /* FirebaseAnalyticsOnDeviceConversion */; };
		BD419A952DF6D1C800B268A4 /* FirebaseAnalyticsWithoutAdIdSupport in Frameworks */ = {isa = PBXBuildFile; productRef = BD419A942DF6D1C800B268A4 /* FirebaseAnalyticsWithoutAdIdSupport */; };
		BD419A972DF6D1C800B268A4 /* FirebaseAppCheck in Frameworks */ = {isa = PBXBuildFile; productRef = BD419A962DF6D1C800B268A4 /* FirebaseAppCheck */; };
		BD419A992DF6D1C800B268A4 /* FirebaseAppDistribution-Beta in Frameworks */ = {isa = PBXBuildFile; productRef = BD419A982DF6D1C800B268A4 /* FirebaseAppDistribution-Beta */; };
		BD419A9B2DF6D1C800B268A4 /* FirebaseAuth in Frameworks */ = {isa = PBXBuildFile; productRef = BD419A9A2DF6D1C800B268A4 /* FirebaseAuth */; };
		BD419A9D2DF6D1C800B268A4 /* FirebaseAuthCombine-Community in Frameworks */ = {isa = PBXBuildFile; productRef = BD419A9C2DF6D1C800B268A4 /* FirebaseAuthCombine-Community */; };
		BD419A9F2DF6D1C800B268A4 /* FirebaseCore in Frameworks */ = {isa = PBXBuildFile; productRef = BD419A9E2DF6D1C800B268A4 /* FirebaseCore */; };
		BD419AA12DF6D1C800B268A4 /* FirebaseCrashlytics in Frameworks */ = {isa = PBXBuildFile; productRef = BD419AA02DF6D1C800B268A4 /* FirebaseCrashlytics */; };
		BD419AA32DF6D1C800B268A4 /* FirebaseDatabase in Frameworks */ = {isa = PBXBuildFile; productRef = BD419AA22DF6D1C800B268A4 /* FirebaseDatabase */; };
		BD419AA52DF6D1C800B268A4 /* FirebaseDynamicLinks in Frameworks */ = {isa = PBXBuildFile; productRef = BD419AA42DF6D1C800B268A4 /* FirebaseDynamicLinks */; };
		BD419AA72DF6D1C800B268A4 /* FirebaseFirestore in Frameworks */ = {isa = PBXBuildFile; productRef = BD419AA62DF6D1C800B268A4 /* FirebaseFirestore */; };
		BD419AA92DF6D1C800B268A4 /* FirebaseFirestoreCombine-Community in Frameworks */ = {isa = PBXBuildFile; productRef = BD419AA82DF6D1C800B268A4 /* FirebaseFirestoreCombine-Community */; };
		BD419AAB2DF6D1C800B268A4 /* FirebaseFunctions in Frameworks */ = {isa = PBXBuildFile; productRef = BD419AAA2DF6D1C800B268A4 /* FirebaseFunctions */; };
		BD419AAD2DF6D1C800B268A4 /* FirebaseFunctionsCombine-Community in Frameworks */ = {isa = PBXBuildFile; productRef = BD419AAC2DF6D1C800B268A4 /* FirebaseFunctionsCombine-Community */; };
		BD419AAF2DF6D1C800B268A4 /* FirebaseInAppMessaging-Beta in Frameworks */ = {isa = PBXBuildFile; productRef = BD419AAE2DF6D1C800B268A4 /* FirebaseInAppMessaging-Beta */; };
		BD419AB12DF6D1C800B268A4 /* FirebaseInstallations in Frameworks */ = {isa = PBXBuildFile; productRef = BD419AB02DF6D1C800B268A4 /* FirebaseInstallations */; };
		BD419AB32DF6D1C800B268A4 /* FirebaseMLModelDownloader in Frameworks */ = {isa = PBXBuildFile; productRef = BD419AB22DF6D1C800B268A4 /* FirebaseMLModelDownloader */; };
		BD419AB52DF6D1C800B268A4 /* FirebaseMessaging in Frameworks */ = {isa = PBXBuildFile; productRef = BD419AB42DF6D1C800B268A4 /* FirebaseMessaging */; };
		BD419AB72DF6D1C800B268A4 /* FirebasePerformance in Frameworks */ = {isa = PBXBuildFile; productRef = BD419AB62DF6D1C800B268A4 /* FirebasePerformance */; };
		BD419AB92DF6D1C800B268A4 /* FirebaseRemoteConfig in Frameworks */ = {isa = PBXBuildFile; productRef = BD419AB82DF6D1C800B268A4 /* FirebaseRemoteConfig */; };
		BD419ABB2DF6D1C800B268A4 /* FirebaseStorage in Frameworks */ = {isa = PBXBuildFile; productRef = BD419ABA2DF6D1C800B268A4 /* FirebaseStorage */; };
		BD419ABD2DF6D1C800B268A4 /* FirebaseStorageCombine-Community in Frameworks */ = {isa = PBXBuildFile; productRef = BD419ABC2DF6D1C800B268A4 /* FirebaseStorageCombine-Community */; };
		BD419ABF2DF6D1C800B268A4 /* FirebaseVertexAI in Frameworks */ = {isa = PBXBuildFile; productRef = BD419ABE2DF6D1C800B268A4 /* FirebaseVertexAI */; };
		DBF7EC1BC14358D24F4E686A /* Pods_iosApp.framework in Frameworks */ = {isa = PBXBuildFile; fileRef = DD0D32445C0BAE560BC28EFC /* Pods_iosApp.framework */; };
/* End PBXBuildFile section */

/* Begin PBXFileReference section */
		717538EF2D8468B9820B6965 /* Pods-iosApp.release.xcconfig */ = {isa = PBXFileReference; includeInIndex = 1; lastKnownFileType = text.xcconfig; name = "Pods-iosApp.release.xcconfig"; path = "Target Support Files/Pods-iosApp/Pods-iosApp.release.xcconfig"; sourceTree = "<group>"; };
		78509A1CF12673ED7A7112E1 /* Pods-iosApp.debug.xcconfig */ = {isa = PBXFileReference; includeInIndex = 1; lastKnownFileType = text.xcconfig; name = "Pods-iosApp.debug.xcconfig"; path = "Target Support Files/Pods-iosApp/Pods-iosApp.debug.xcconfig"; sourceTree = "<group>"; };
		B9DA97B12DC1472C00A4DA20 /* iosApp.app */ = {isa = PBXFileReference; explicitFileType = wrapper.application; includeInIndex = 0; path = iosApp.app; sourceTree = BUILT_PRODUCTS_DIR; };
		BD419A0C2DF2020900B268A4 /* libsqlite3.tbd */ = {isa = PBXFileReference; lastKnownFileType = "sourcecode.text-based-dylib-definition"; name = libsqlite3.tbd; path = usr/lib/libsqlite3.tbd; sourceTree = SDKROOT; };
		DD0D32445C0BAE560BC28EFC /* Pods_iosApp.framework */ = {isa = PBXFileReference; explicitFileType = wrapper.framework; includeInIndex = 0; path = Pods_iosApp.framework; sourceTree = BUILT_PRODUCTS_DIR; };
/* End PBXFileReference section */

/* Begin PBXFileSystemSynchronizedBuildFileExceptionSet section */
		B99700CA2DC9B8D800C7335B /* Exceptions for "iosApp" folder in "iosApp" target */ = {
			isa = PBXFileSystemSynchronizedBuildFileExceptionSet;
			membershipExceptions = (
				Info.plist,
			);
			target = B9DA97B02DC1472C00A4DA20 /* iosApp */;
		};
/* End PBXFileSystemSynchronizedBuildFileExceptionSet section */

/* Begin PBXFileSystemSynchronizedRootGroup section */
		B9DA97B32DC1472C00A4DA20 /* iosApp */ = {
			isa = PBXFileSystemSynchronizedRootGroup;
			exceptions = (
				B99700CA2DC9B8D800C7335B /* Exceptions for "iosApp" folder in "iosApp" target */,
			);
			path = iosApp;
			sourceTree = "<group>";
		};
		B9DA98002DC14AA900A4DA20 /* Configuration */ = {
			isa = PBXFileSystemSynchronizedRootGroup;
			path = Configuration;
			sourceTree = "<group>";
		};
/* End PBXFileSystemSynchronizedRootGroup section */

/* Begin PBXFrameworksBuildPhase section */
		B9DA97AE2DC1472C00A4DA20 /* Frameworks */ = {
			isa = PBXFrameworksBuildPhase;
			buildActionMask = 2147483647;
			files = (
				BD419AB52DF6D1C800B268A4 /* FirebaseMessaging in Frameworks */,
				BD419AA32DF6D1C800B268A4 /* FirebaseDatabase in Frameworks */,
				BD419A0D2DF2020900B268A4 /* libsqlite3.tbd in Frameworks */,
				BD419AAD2DF6D1C800B268A4 /* FirebaseFunctionsCombine-Community in Frameworks */,
				BD419ABF2DF6D1C800B268A4 /* FirebaseVertexAI in Frameworks */,
				BD419AA92DF6D1C800B268A4 /* FirebaseFirestoreCombine-Community in Frameworks */,
				BD419A912DF6D1C800B268A4 /* FirebaseAnalyticsIdentitySupport in Frameworks */,
				BD419AA72DF6D1C800B268A4 /* FirebaseFirestore in Frameworks */,
				BD419AA12DF6D1C800B268A4 /* FirebaseCrashlytics in Frameworks */,
				BD419AAF2DF6D1C800B268A4 /* FirebaseInAppMessaging-Beta in Frameworks */,
				BD419AB32DF6D1C800B268A4 /* FirebaseMLModelDownloader in Frameworks */,
				BD419A932DF6D1C800B268A4 /* FirebaseAnalyticsOnDeviceConversion in Frameworks */,
				BD419A8F2DF6D1C800B268A4 /* FirebaseAnalyticsCore in Frameworks */,
				BD419AB12DF6D1C800B268A4 /* FirebaseInstallations in Frameworks */,
				BD419A8D2DF6D1C800B268A4 /* FirebaseAnalytics in Frameworks */,
				BD419AAB2DF6D1C800B268A4 /* FirebaseFunctions in Frameworks */,
				BD419A8B2DF6D1C800B268A4 /* FirebaseAI in Frameworks */,
				BD419AB72DF6D1C800B268A4 /* FirebasePerformance in Frameworks */,
				BD419A9D2DF6D1C800B268A4 /* FirebaseAuthCombine-Community in Frameworks */,
				BD419A9F2DF6D1C800B268A4 /* FirebaseCore in Frameworks */,
				BD419ABB2DF6D1C800B268A4 /* FirebaseStorage in Frameworks */,
				BD419AA52DF6D1C800B268A4 /* FirebaseDynamicLinks in Frameworks */,
				BD419ABD2DF6D1C800B268A4 /* FirebaseStorageCombine-Community in Frameworks */,
				BD419A9B2DF6D1C800B268A4 /* FirebaseAuth in Frameworks */,
				BD419A992DF6D1C800B268A4 /* FirebaseAppDistribution-Beta in Frameworks */,
				BD419AB92DF6D1C800B268A4 /* FirebaseRemoteConfig in Frameworks */,
				BD419A972DF6D1C800B268A4 /* FirebaseAppCheck in Frameworks */,
				BD419A952DF6D1C800B268A4 /* FirebaseAnalyticsWithoutAdIdSupport in Frameworks */,
				DBF7EC1BC14358D24F4E686A /* Pods_iosApp.framework in Frameworks */,
			);
			runOnlyForDeploymentPostprocessing = 0;
		};
/* End PBXFrameworksBuildPhase section */

/* Begin PBXGroup section */
		2096118BB30B4645D51506A5 /* Pods */ = {
			isa = PBXGroup;
			children = (
				78509A1CF12673ED7A7112E1 /* Pods-iosApp.debug.xcconfig */,
				717538EF2D8468B9820B6965 /* Pods-iosApp.release.xcconfig */,
			);
			path = Pods;
			sourceTree = "<group>";
		};
		B9DA97A82DC1472C00A4DA20 = {
			isa = PBXGroup;
			children = (
				B9DA98002DC14AA900A4DA20 /* Configuration */,
				B9DA97B32DC1472C00A4DA20 /* iosApp */,
				BD419A0B2DF2020900B268A4 /* Frameworks */,
				B9DA97B22DC1472C00A4DA20 /* Products */,
				2096118BB30B4645D51506A5 /* Pods */,
			);
			sourceTree = "<group>";
		};
		B9DA97B22DC1472C00A4DA20 /* Products */ = {
			isa = PBXGroup;
			children = (
				B9DA97B12DC1472C00A4DA20 /* iosApp.app */,
			);
			name = Products;
			sourceTree = "<group>";
		};
		BD419A0B2DF2020900B268A4 /* Frameworks */ = {
			isa = PBXGroup;
			children = (
				BD419A0C2DF2020900B268A4 /* libsqlite3.tbd */,
				DD0D32445C0BAE560BC28EFC /* Pods_iosApp.framework */,
			);
			name = Frameworks;
			sourceTree = "<group>";
		};
/* End PBXGroup section */

/* Begin PBXNativeTarget section */
		B9DA97B02DC1472C00A4DA20 /* iosApp */ = {
			isa = PBXNativeTarget;
			buildConfigurationList = B9DA97BF2DC1472D00A4DA20 /* Build configuration list for PBXNativeTarget "iosApp" */;
			buildPhases = (
				1D088B93637C303FB187862A /* [CP] Check Pods Manifest.lock */,
				B9DA97F42DC1497100A4DA20 /* Compile Kotlin Framework */,
				B9DA97AD2DC1472C00A4DA20 /* Sources */,
				B9DA97AE2DC1472C00A4DA20 /* Frameworks */,
				B9DA97AF2DC1472C00A4DA20 /* Resources */,
				60629FC90D26F517ED1B794F /* [CP] Embed Pods Frameworks */,
			);
			buildRules = (
			);
			dependencies = (
				BD419A6D2DF6CEA000B268A4 /* PBXTargetDependency */,
			);
			fileSystemSynchronizedGroups = (
				B9DA97B32DC1472C00A4DA20 /* iosApp */,
			);
			name = iosApp;
			productName = iosApp;
			productReference = B9DA97B12DC1472C00A4DA20 /* iosApp.app */;
			productType = "com.apple.product-type.application";
		};
/* End PBXNativeTarget section */

/* Begin PBXProject section */
		B9DA97A92DC1472C00A4DA20 /* Project object */ = {
			isa = PBXProject;
			attributes = {
				BuildIndependentTargetsInParallel = 1;
				LastSwiftUpdateCheck = 1620;
				LastUpgradeCheck = 1620;
				TargetAttributes = {
					B9DA97B02DC1472C00A4DA20 = {
						CreatedOnToolsVersion = 16.2;
					};
				};
			};
			buildConfigurationList = B9DA97AC2DC1472C00A4DA20 /* Build configuration list for PBXProject "iosApp" */;
			developmentRegion = en;
			hasScannedForEncodings = 0;
			knownRegions = (
				en,
				Base,
			);
			mainGroup = B9DA97A82DC1472C00A4DA20;
			minimizedProjectReferenceProxies = 1;
			packageReferences = (
				BD419A692DF6CC1900B268A4 /* XCRemoteSwiftPackageReference "firebase-ios-sdk" */,
			);
			preferredProjectObjectVersion = 77;
			productRefGroup = B9DA97B22DC1472C00A4DA20 /* Products */;
			projectDirPath = "";
			projectRoot = "";
			targets = (
				B9DA97B02DC1472C00A4DA20 /* iosApp */,
			);
		};
/* End PBXProject section */

/* Begin PBXResourcesBuildPhase section */
		B9DA97AF2DC1472C00A4DA20 /* Resources */ = {
			isa = PBXResourcesBuildPhase;
			buildActionMask = 2147483647;
			files = (
			);
			runOnlyForDeploymentPostprocessing = 0;
		};
/* End PBXResourcesBuildPhase section */

/* Begin PBXShellScriptBuildPhase section */
		1D088B93637C303FB187862A /* [CP] Check Pods Manifest.lock */ = {
			isa = PBXShellScriptBuildPhase;
			buildActionMask = 2147483647;
			files = (
			);
			inputFileListPaths = (
			);
			inputPaths = (
				"${PODS_PODFILE_DIR_PATH}/Podfile.lock",
				"${PODS_ROOT}/Manifest.lock",
			);
			name = "[CP] Check Pods Manifest.lock";
			outputFileListPaths = (
			);
			outputPaths = (
				"$(DERIVED_FILE_DIR)/Pods-iosApp-checkManifestLockResult.txt",
			);
			runOnlyForDeploymentPostprocessing = 0;
			shellPath = /bin/sh;
			shellScript = "diff \"${PODS_PODFILE_DIR_PATH}/Podfile.lock\" \"${PODS_ROOT}/Manifest.lock\" > /dev/null\nif [ $? != 0 ] ; then\n    # print error to STDERR\n    echo \"error: The sandbox is not in sync with the Podfile.lock. Run 'pod install' or update your CocoaPods installation.\" >&2\n    exit 1\nfi\n# This output is used by Xcode 'outputs' to avoid re-running this script phase.\necho \"SUCCESS\" > \"${SCRIPT_OUTPUT_FILE_0}\"\n";
			showEnvVarsInLog = 0;
		};
		60629FC90D26F517ED1B794F /* [CP] Embed Pods Frameworks */ = {
			isa = PBXShellScriptBuildPhase;
			buildActionMask = 2147483647;
			files = (
			);
			inputFileListPaths = (
				"${PODS_ROOT}/Target Support Files/Pods-iosApp/Pods-iosApp-frameworks-${CONFIGURATION}-input-files.xcfilelist",
			);
			inputPaths = (
			);
			name = "[CP] Embed Pods Frameworks";
			outputFileListPaths = (
				"${PODS_ROOT}/Target Support Files/Pods-iosApp/Pods-iosApp-frameworks-${CONFIGURATION}-output-files.xcfilelist",
			);
			outputPaths = (
			);
			runOnlyForDeploymentPostprocessing = 0;
			shellPath = /bin/sh;
			shellScript = "\"${PODS_ROOT}/Target Support Files/Pods-iosApp/Pods-iosApp-frameworks.sh\"\n";
			showEnvVarsInLog = 0;
		};
		B9DA97F42DC1497100A4DA20 /* Compile Kotlin Framework */ = {
			isa = PBXShellScriptBuildPhase;
			alwaysOutOfDate = 1;
			buildActionMask = 2147483647;
			files = (
			);
			inputFileListPaths = (
			);
			inputPaths = (
			);
			name = "Compile Kotlin Framework";
			outputFileListPaths = (
			);
			outputPaths = (
			);
			runOnlyForDeploymentPostprocessing = 0;
			shellPath = /bin/sh;
			shellScript = "if [ \"YES\" = \"$OVERRIDE_KOTLIN_BUILD_IDE_SUPPORTED\" ]; then\n  echo \"Skipping Gradle build task invocation due to OVERRIDE_KOTLIN_BUILD_IDE_SUPPORTED environment variable set to \\\"YES\\\"\"\n  exit 0\nfi\ncd \"$SRCROOT/..\"\n./gradlew :composeApp:embedAndSignAppleFrameworkForXcode\n";
		};
/* End PBXShellScriptBuildPhase section */

/* Begin PBXSourcesBuildPhase section */
		B9DA97AD2DC1472C00A4DA20 /* Sources */ = {
			isa = PBXSourcesBuildPhase;
			buildActionMask = 2147483647;
			files = (
			);
			runOnlyForDeploymentPostprocessing = 0;
		};
/* End PBXSourcesBuildPhase section */

/* Begin PBXTargetDependency section */
		BD419A6D2DF6CEA000B268A4 /* PBXTargetDependency */ = {
			isa = PBXTargetDependency;
			productRef = BD419A6C2DF6CEA000B268A4 /* FirebaseCore */;
		};
/* End PBXTargetDependency section */

/* Begin XCBuildConfiguration section */
		B9DA97BD2DC1472D00A4DA20 /* Debug */ = {
			isa = XCBuildConfiguration;
			buildSettings = {
				ALWAYS_SEARCH_USER_PATHS = NO;
				ASSETCATALOG_COMPILER_GENERATE_SWIFT_ASSET_SYMBOL_EXTENSIONS = YES;
				CLANG_ANALYZER_NONNULL = YES;
				CLANG_ANALYZER_NUMBER_OBJECT_CONVERSION = YES_AGGRESSIVE;
				CLANG_CXX_LANGUAGE_STANDARD = "gnu++20";
				CLANG_ENABLE_MODULES = YES;
				CLANG_ENABLE_OBJC_ARC = YES;
				CLANG_ENABLE_OBJC_WEAK = YES;
				CLANG_WARN_BLOCK_CAPTURE_AUTORELEASING = YES;
				CLANG_WARN_BOOL_CONVERSION = YES;
				CLANG_WARN_COMMA = YES;
				CLANG_WARN_CONSTANT_CONVERSION = YES;
				CLANG_WARN_DEPRECATED_OBJC_IMPLEMENTATIONS = YES;
				CLANG_WARN_DIRECT_OBJC_ISA_USAGE = YES_ERROR;
				CLANG_WARN_DOCUMENTATION_COMMENTS = YES;
				CLANG_WARN_EMPTY_BODY = YES;
				CLANG_WARN_ENUM_CONVERSION = YES;
				CLANG_WARN_INFINITE_RECURSION = YES;
				CLANG_WARN_INT_CONVERSION = YES;
				CLANG_WARN_NON_LITERAL_NULL_CONVERSION = YES;
				CLANG_WARN_OBJC_IMPLICIT_RETAIN_SELF = YES;
				CLANG_WARN_OBJC_LITERAL_CONVERSION = YES;
				CLANG_WARN_OBJC_ROOT_CLASS = YES_ERROR;
				CLANG_WARN_QUOTED_INCLUDE_IN_FRAMEWORK_HEADER = YES;
				CLANG_WARN_RANGE_LOOP_ANALYSIS = YES;
				CLANG_WARN_STRICT_PROTOTYPES = YES;
				CLANG_WARN_SUSPICIOUS_MOVE = YES;
				CLANG_WARN_UNGUARDED_AVAILABILITY = YES_AGGRESSIVE;
				CLANG_WARN_UNREACHABLE_CODE = YES;
				CLANG_WARN__DUPLICATE_METHOD_MATCH = YES;
				COPY_PHASE_STRIP = NO;
				DEBUG_INFORMATION_FORMAT = dwarf;
				ENABLE_STRICT_OBJC_MSGSEND = YES;
				ENABLE_TESTABILITY = YES;
				ENABLE_USER_SCRIPT_SANDBOXING = NO;
				GCC_C_LANGUAGE_STANDARD = gnu17;
				GCC_DYNAMIC_NO_PIC = NO;
				GCC_NO_COMMON_BLOCKS = YES;
				GCC_OPTIMIZATION_LEVEL = 0;
				GCC_PREPROCESSOR_DEFINITIONS = (
					"DEBUG=1",
					"$(inherited)",
				);
				GCC_WARN_64_TO_32_BIT_CONVERSION = YES;
				GCC_WARN_ABOUT_RETURN_TYPE = YES_ERROR;
				GCC_WARN_UNDECLARED_SELECTOR = YES;
				GCC_WARN_UNINITIALIZED_AUTOS = YES_AGGRESSIVE;
				GCC_WARN_UNUSED_FUNCTION = YES;
				GCC_WARN_UNUSED_VARIABLE = YES;
				IPHONEOS_DEPLOYMENT_TARGET = 18.2;
				LOCALIZATION_PREFERS_STRING_CATALOGS = YES;
				MTL_ENABLE_DEBUG_INFO = INCLUDE_SOURCE;
				MTL_FAST_MATH = YES;
				ONLY_ACTIVE_ARCH = YES;
				SDKROOT = iphoneos;
				SWIFT_ACTIVE_COMPILATION_CONDITIONS = "DEBUG $(inherited)";
				SWIFT_OPTIMIZATION_LEVEL = "-Onone";
			};
			name = Debug;
		};
		B9DA97BE2DC1472D00A4DA20 /* Release */ = {
			isa = XCBuildConfiguration;
			buildSettings = {
				ALWAYS_SEARCH_USER_PATHS = NO;
				ASSETCATALOG_COMPILER_GENERATE_SWIFT_ASSET_SYMBOL_EXTENSIONS = YES;
				CLANG_ANALYZER_NONNULL = YES;
				CLANG_ANALYZER_NUMBER_OBJECT_CONVERSION = YES_AGGRESSIVE;
				CLANG_CXX_LANGUAGE_STANDARD = "gnu++20";
				CLANG_ENABLE_MODULES = YES;
				CLANG_ENABLE_OBJC_ARC = YES;
				CLANG_ENABLE_OBJC_WEAK = YES;
				CLANG_WARN_BLOCK_CAPTURE_AUTORELEASING = YES;
				CLANG_WARN_BOOL_CONVERSION = YES;
				CLANG_WARN_COMMA = YES;
				CLANG_WARN_CONSTANT_CONVERSION = YES;
				CLANG_WARN_DEPRECATED_OBJC_IMPLEMENTATIONS = YES;
				CLANG_WARN_DIRECT_OBJC_ISA_USAGE = YES_ERROR;
				CLANG_WARN_DOCUMENTATION_COMMENTS = YES;
				CLANG_WARN_EMPTY_BODY = YES;
				CLANG_WARN_ENUM_CONVERSION = YES;
				CLANG_WARN_INFINITE_RECURSION = YES;
				CLANG_WARN_INT_CONVERSION = YES;
				CLANG_WARN_NON_LITERAL_NULL_CONVERSION = YES;
				CLANG_WARN_OBJC_IMPLICIT_RETAIN_SELF = YES;
				CLANG_WARN_OBJC_LITERAL_CONVERSION = YES;
				CLANG_WARN_OBJC_ROOT_CLASS = YES_ERROR;
				CLANG_WARN_QUOTED_INCLUDE_IN_FRAMEWORK_HEADER = YES;
				CLANG_WARN_RANGE_LOOP_ANALYSIS = YES;
				CLANG_WARN_STRICT_PROTOTYPES = YES;
				CLANG_WARN_SUSPICIOUS_MOVE = YES;
				CLANG_WARN_UNGUARDED_AVAILABILITY = YES_AGGRESSIVE;
				CLANG_WARN_UNREACHABLE_CODE = YES;
				CLANG_WARN__DUPLICATE_METHOD_MATCH = YES;
				COPY_PHASE_STRIP = NO;
				DEBUG_INFORMATION_FORMAT = "dwarf-with-dsym";
				ENABLE_NS_ASSERTIONS = NO;
				ENABLE_STRICT_OBJC_MSGSEND = YES;
				ENABLE_USER_SCRIPT_SANDBOXING = NO;
				GCC_C_LANGUAGE_STANDARD = gnu17;
				GCC_NO_COMMON_BLOCKS = YES;
				GCC_WARN_64_TO_32_BIT_CONVERSION = YES;
				GCC_WARN_ABOUT_RETURN_TYPE = YES_ERROR;
				GCC_WARN_UNDECLARED_SELECTOR = YES;
				GCC_WARN_UNINITIALIZED_AUTOS = YES_AGGRESSIVE;
				GCC_WARN_UNUSED_FUNCTION = YES;
				GCC_WARN_UNUSED_VARIABLE = YES;
				IPHONEOS_DEPLOYMENT_TARGET = 18.2;
				LOCALIZATION_PREFERS_STRING_CATALOGS = YES;
				MTL_ENABLE_DEBUG_INFO = NO;
				MTL_FAST_MATH = YES;
				SDKROOT = iphoneos;
				SWIFT_COMPILATION_MODE = wholemodule;
				SWIFT_OPTIMIZATION_LEVEL = "-Onone";
				VALIDATE_PRODUCT = YES;
			};
			name = Release;
		};
		B9DA97C02DC1472D00A4DA20 /* Debug */ = {
			isa = XCBuildConfiguration;
			baseConfigurationReference = 78509A1CF12673ED7A7112E1 /* Pods-iosApp.debug.xcconfig */;
			buildSettings = {
				ASSETCATALOG_COMPILER_APPICON_NAME = AppIcon;
				ASSETCATALOG_COMPILER_GLOBAL_ACCENT_COLOR_NAME = AccentColor;
				CODE_SIGN_IDENTITY = "Apple Development";
				CODE_SIGN_STYLE = Automatic;
				DEVELOPMENT_ASSET_PATHS = "\"iosApp/Preview Content\"";
				DEVELOPMENT_TEAM = 82GG77U6UK;
				ENABLE_PREVIEWS = YES;
				FRAMEWORK_SEARCH_PATHS = (
					"$(inherited)",
					"$(SRCROOT)/../shared/build/xcode-frameworks/$(CONFIGURATION)/$(SDK_NAME)",
					"$(SRCROOT)/../composeApp/build/xcode-frameworks/$(CONFIGURATION)/$(SDK_NAME)",
				);
				GENERATE_INFOPLIST_FILE = YES;
				INFOPLIST_FILE = iosApp/Info.plist;
				INFOPLIST_KEY_NSLocationWhenInUseUsageDescription = "Location access is needed";
				INFOPLIST_KEY_UIApplicationSceneManifest_Generation = YES;
				INFOPLIST_KEY_UIApplicationSupportsIndirectInputEvents = YES;
				INFOPLIST_KEY_UILaunchScreen_Generation = YES;
				INFOPLIST_KEY_UISupportedInterfaceOrientations_iPad = "UIInterfaceOrientationPortrait UIInterfaceOrientationPortraitUpsideDown UIInterfaceOrientationLandscapeLeft UIInterfaceOrientationLandscapeRight";
				INFOPLIST_KEY_UISupportedInterfaceOrientations_iPhone = "UIInterfaceOrientationPortrait UIInterfaceOrientationLandscapeLeft UIInterfaceOrientationLandscapeRight";
				LD_RUNPATH_SEARCH_PATHS = (
					"$(inherited)",
					"@executable_path/Frameworks",
				);
				PRODUCT_BUNDLE_IDENTIFIER = "org.weatherapp.project.weather-app";
				PRODUCT_NAME = "$(TARGET_NAME)";
				SWIFT_EMIT_LOC_STRINGS = YES;
				SWIFT_VERSION = 5.0;
				TARGETED_DEVICE_FAMILY = "1,2";
			};
			name = Debug;
		};
		B9DA97C12DC1472D00A4DA20 /* Release */ = {
			isa = XCBuildConfiguration;
			baseConfigurationReference = 717538EF2D8468B9820B6965 /* Pods-iosApp.release.xcconfig */;
			buildSettings = {
				ASSETCATALOG_COMPILER_APPICON_NAME = AppIcon;
				ASSETCATALOG_COMPILER_GLOBAL_ACCENT_COLOR_NAME = AccentColor;
				CODE_SIGN_IDENTITY = "Apple Development";
				CODE_SIGN_STYLE = Automatic;
				DEVELOPMENT_ASSET_PATHS = "\"iosApp/Preview Content\"";
				DEVELOPMENT_TEAM = 82GG77U6UK;
				ENABLE_PREVIEWS = YES;
				FRAMEWORK_SEARCH_PATHS = (
					"$(inherited)",
					"$(SRCROOT)/../shared/build/xcode-frameworks/$(CONFIGURATION)/$(SDK_NAME)",
					"$(SRCROOT)/../composeApp/build/xcode-frameworks/$(CONFIGURATION)/$(SDK_NAME)",
				);
				GENERATE_INFOPLIST_FILE = YES;
				INFOPLIST_FILE = iosApp/Info.plist;
				INFOPLIST_KEY_NSLocationWhenInUseUsageDescription = "Location access is needed";
				INFOPLIST_KEY_UIApplicationSceneManifest_Generation = YES;
				INFOPLIST_KEY_UIApplicationSupportsIndirectInputEvents = YES;
				INFOPLIST_KEY_UILaunchScreen_Generation = YES;
				INFOPLIST_KEY_UISupportedInterfaceOrientations_iPad = "UIInterfaceOrientationPortrait UIInterfaceOrientationPortraitUpsideDown UIInterfaceOrientationLandscapeLeft UIInterfaceOrientationLandscapeRight";
				INFOPLIST_KEY_UISupportedInterfaceOrientations_iPhone = "UIInterfaceOrientationPortrait UIInterfaceOrientationLandscapeLeft UIInterfaceOrientationLandscapeRight";
				LD_RUNPATH_SEARCH_PATHS = (
					"$(inherited)",
					"@executable_path/Frameworks",
				);
				PRODUCT_BUNDLE_IDENTIFIER = "org.weatherapp.project.weather-app";
				PRODUCT_NAME = "$(TARGET_NAME)";
				SWIFT_EMIT_LOC_STRINGS = YES;
				SWIFT_VERSION = 5.0;
				TARGETED_DEVICE_FAMILY = "1,2";
			};
			name = Release;
		};
/* End XCBuildConfiguration section */

/* Begin XCConfigurationList section */
		B9DA97AC2DC1472C00A4DA20 /* Build configuration list for PBXProject "iosApp" */ = {
			isa = XCConfigurationList;
			buildConfigurations = (
				B9DA97BD2DC1472D00A4DA20 /* Debug */,
				B9DA97BE2DC1472D00A4DA20 /* Release */,
			);
			defaultConfigurationIsVisible = 0;
			defaultConfigurationName = Release;
		};
		B9DA97BF2DC1472D00A4DA20 /* Build configuration list for PBXNativeTarget "iosApp" */ = {
			isa = XCConfigurationList;
			buildConfigurations = (
				B9DA97C02DC1472D00A4DA20 /* Debug */,
				B9DA97C12DC1472D00A4DA20 /* Release */,
			);
			defaultConfigurationIsVisible = 0;
			defaultConfigurationName = Release;
		};
/* End XCConfigurationList section */

/* Begin XCRemoteSwiftPackageReference section */
		BD419A692DF6CC1900B268A4 /* XCRemoteSwiftPackageReference "firebase-ios-sdk" */ = {
			isa = XCRemoteSwiftPackageReference;
			repositoryURL = "https://github.com/firebase/firebase-ios-sdk";
			requirement = {
				kind = upToNextMajorVersion;
				minimumVersion = 11.14.0;
			};
		};
/* End XCRemoteSwiftPackageReference section */

/* Begin XCSwiftPackageProductDependency section */
		BD419A6C2DF6CEA000B268A4 /* FirebaseCore */ = {
			isa = XCSwiftPackageProductDependency;
			package = BD419A692DF6CC1900B268A4 /* XCRemoteSwiftPackageReference "firebase-ios-sdk" */;
			productName = FirebaseCore;
		};
		BD419A8A2DF6D1C800B268A4 /* FirebaseAI */ = {
			isa = XCSwiftPackageProductDependency;
			package = BD419A692DF6CC1900B268A4 /* XCRemoteSwiftPackageReference "firebase-ios-sdk" */;
			productName = FirebaseAI;
		};
		BD419A8C2DF6D1C800B268A4 /* FirebaseAnalytics */ = {
			isa = XCSwiftPackageProductDependency;
			package = BD419A692DF6CC1900B268A4 /* XCRemoteSwiftPackageReference "firebase-ios-sdk" */;
			productName = FirebaseAnalytics;
		};
		BD419A8E2DF6D1C800B268A4 /* FirebaseAnalyticsCore */ = {
			isa = XCSwiftPackageProductDependency;
			package = BD419A692DF6CC1900B268A4 /* XCRemoteSwiftPackageReference "firebase-ios-sdk" */;
			productName = FirebaseAnalyticsCore;
		};
		BD419A902DF6D1C800B268A4 /* FirebaseAnalyticsIdentitySupport */ = {
			isa = XCSwiftPackageProductDependency;
			package = BD419A692DF6CC1900B268A4 /* XCRemoteSwiftPackageReference "firebase-ios-sdk" */;
			productName = FirebaseAnalyticsIdentitySupport;
		};
		BD419A922DF6D1C800B268A4 /* FirebaseAnalyticsOnDeviceConversion */ = {
			isa = XCSwiftPackageProductDependency;
			package = BD419A692DF6CC1900B268A4 /* XCRemoteSwiftPackageReference "firebase-ios-sdk" */;
			productName = FirebaseAnalyticsOnDeviceConversion;
		};
		BD419A942DF6D1C800B268A4 /* FirebaseAnalyticsWithoutAdIdSupport */ = {
			isa = XCSwiftPackageProductDependency;
			package = BD419A692DF6CC1900B268A4 /* XCRemoteSwiftPackageReference "firebase-ios-sdk" */;
			productName = FirebaseAnalyticsWithoutAdIdSupport;
		};
		BD419A962DF6D1C800B268A4 /* FirebaseAppCheck */ = {
			isa = XCSwiftPackageProductDependency;
			package = BD419A692DF6CC1900B268A4 /* XCRemoteSwiftPackageReference "firebase-ios-sdk" */;
			productName = FirebaseAppCheck;
		};
		BD419A982DF6D1C800B268A4 /* FirebaseAppDistribution-Beta */ = {
			isa = XCSwiftPackageProductDependency;
			package = BD419A692DF6CC1900B268A4 /* XCRemoteSwiftPackageReference "firebase-ios-sdk" */;
			productName = "FirebaseAppDistribution-Beta";
		};
		BD419A9A2DF6D1C800B268A4 /* FirebaseAuth */ = {
			isa = XCSwiftPackageProductDependency;
			package = BD419A692DF6CC1900B268A4 /* XCRemoteSwiftPackageReference "firebase-ios-sdk" */;
			productName = FirebaseAuth;
		};
		BD419A9C2DF6D1C800B268A4 /* FirebaseAuthCombine-Community */ = {
			isa = XCSwiftPackageProductDependency;
			package = BD419A692DF6CC1900B268A4 /* XCRemoteSwiftPackageReference "firebase-ios-sdk" */;
			productName = "FirebaseAuthCombine-Community";
		};
		BD419A9E2DF6D1C800B268A4 /* FirebaseCore */ = {
			isa = XCSwiftPackageProductDependency;
			package = BD419A692DF6CC1900B268A4 /* XCRemoteSwiftPackageReference "firebase-ios-sdk" */;
			productName = FirebaseCore;
		};
		BD419AA02DF6D1C800B268A4 /* FirebaseCrashlytics */ = {
			isa = XCSwiftPackageProductDependency;
			package = BD419A692DF6CC1900B268A4 /* XCRemoteSwiftPackageReference "firebase-ios-sdk" */;
			productName = FirebaseCrashlytics;
		};
		BD419AA22DF6D1C800B268A4 /* FirebaseDatabase */ = {
			isa = XCSwiftPackageProductDependency;
			package = BD419A692DF6CC1900B268A4 /* XCRemoteSwiftPackageReference "firebase-ios-sdk" */;
			productName = FirebaseDatabase;
		};
		BD419AA42DF6D1C800B268A4 /* FirebaseDynamicLinks */ = {
			isa = XCSwiftPackageProductDependency;
			package = BD419A692DF6CC1900B268A4 /* XCRemoteSwiftPackageReference "firebase-ios-sdk" */;
			productName = FirebaseDynamicLinks;
		};
		BD419AA62DF6D1C800B268A4 /* FirebaseFirestore */ = {
			isa = XCSwiftPackageProductDependency;
			package = BD419A692DF6CC1900B268A4 /* XCRemoteSwiftPackageReference "firebase-ios-sdk" */;
			productName = FirebaseFirestore;
		};
		BD419AA82DF6D1C800B268A4 /* FirebaseFirestoreCombine-Community */ = {
			isa = XCSwiftPackageProductDependency;
			package = BD419A692DF6CC1900B268A4 /* XCRemoteSwiftPackageReference "firebase-ios-sdk" */;
			productName = "FirebaseFirestoreCombine-Community";
		};
		BD419AAA2DF6D1C800B268A4 /* FirebaseFunctions */ = {
			isa = XCSwiftPackageProductDependency;
			package = BD419A692DF6CC1900B268A4 /* XCRemoteSwiftPackageReference "firebase-ios-sdk" */;
			productName = FirebaseFunctions;
		};
		BD419AAC2DF6D1C800B268A4 /* FirebaseFunctionsCombine-Community */ = {
			isa = XCSwiftPackageProductDependency;
			package = BD419A692DF6CC1900B268A4 /* XCRemoteSwiftPackageReference "firebase-ios-sdk" */;
			productName = "FirebaseFunctionsCombine-Community";
		};
		BD419AAE2DF6D1C800B268A4 /* FirebaseInAppMessaging-Beta */ = {
			isa = XCSwiftPackageProductDependency;
			package = BD419A692DF6CC1900B268A4 /* XCRemoteSwiftPackageReference "firebase-ios-sdk" */;
			productName = "FirebaseInAppMessaging-Beta";
		};
		BD419AB02DF6D1C800B268A4 /* FirebaseInstallations */ = {
			isa = XCSwiftPackageProductDependency;
			package = BD419A692DF6CC1900B268A4 /* XCRemoteSwiftPackageReference "firebase-ios-sdk" */;
			productName = FirebaseInstallations;
		};
		BD419AB22DF6D1C800B268A4 /* FirebaseMLModelDownloader */ = {
			isa = XCSwiftPackageProductDependency;
			package = BD419A692DF6CC1900B268A4 /* XCRemoteSwiftPackageReference "firebase-ios-sdk" */;
			productName = FirebaseMLModelDownloader;
		};
		BD419AB42DF6D1C800B268A4 /* FirebaseMessaging */ = {
			isa = XCSwiftPackageProductDependency;
			package = BD419A692DF6CC1900B268A4 /* XCRemoteSwiftPackageReference "firebase-ios-sdk" */;
			productName = FirebaseMessaging;
		};
		BD419AB62DF6D1C800B268A4 /* FirebasePerformance */ = {
			isa = XCSwiftPackageProductDependency;
			package = BD419A692DF6CC1900B268A4 /* XCRemoteSwiftPackageReference "firebase-ios-sdk" */;
			productName = FirebasePerformance;
		};
		BD419AB82DF6D1C800B268A4 /* FirebaseRemoteConfig */ = {
			isa = XCSwiftPackageProductDependency;
			package = BD419A692DF6CC1900B268A4 /* XCRemoteSwiftPackageReference "firebase-ios-sdk" */;
			productName = FirebaseRemoteConfig;
		};
		BD419ABA2DF6D1C800B268A4 /* FirebaseStorage */ = {
			isa = XCSwiftPackageProductDependency;
			package = BD419A692DF6CC1900B268A4 /* XCRemoteSwiftPackageReference "firebase-ios-sdk" */;
			productName = FirebaseStorage;
		};
		BD419ABC2DF6D1C800B268A4 /* FirebaseStorageCombine-Community */ = {
			isa = XCSwiftPackageProductDependency;
			package = BD419A692DF6CC1900B268A4 /* XCRemoteSwiftPackageReference "firebase-ios-sdk" */;
			productName = "FirebaseStorageCombine-Community";
		};
		BD419ABE2DF6D1C800B268A4 /* FirebaseVertexAI */ = {
			isa = XCSwiftPackageProductDependency;
			package = BD419A692DF6CC1900B268A4 /* XCRemoteSwiftPackageReference "firebase-ios-sdk" */;
			productName = FirebaseVertexAI;
		};
/* End XCSwiftPackageProductDependency section */
	};
	rootObject = B9DA97A92DC1472C00A4DA20 /* Project object */;
}
